// !$*UTF8*$!
{
	archiveVersion = 1;
	classes = {
	};
	objectVersion = 48;
	objects = {

/* Begin PBXBuildFile section */
		C451B51B21F47BB2007B2230 /* SentMemesTableViewController.swift in Sources */ = {isa = PBXBuildFile; fileRef = C451B51A21F47BB2007B2230 /* SentMemesTableViewController.swift */; };
		C451B51D21F47BDE007B2230 /* SentMemesCollectionViewController.swift in Sources */ = {isa = PBXBuildFile; fileRef = C451B51C21F47BDE007B2230 /* SentMemesCollectionViewController.swift */; };
		C452CCEA22004A6F00B84198 /* MemeCollectionViewCell.swift in Sources */ = {isa = PBXBuildFile; fileRef = C452CCE922004A6F00B84198 /* MemeCollectionViewCell.swift */; };
		C452CCEC22005CAB00B84198 /* MemeTableViewCell.swift in Sources */ = {isa = PBXBuildFile; fileRef = C452CCEB22005CAB00B84198 /* MemeTableViewCell.swift */; };
		C454A0032200AD3C00A276A8 /* MemeDetailViewController.swift in Sources */ = {isa = PBXBuildFile; fileRef = C454A0022200AD3C00A276A8 /* MemeDetailViewController.swift */; };
		C49B4A4821D90E1200D091DD /* AppDelegate.swift in Sources */ = {isa = PBXBuildFile; fileRef = C49B4A4721D90E1200D091DD /* AppDelegate.swift */; };
		C49B4A4A21D90E1200D091DD /* MemeEditorViewController.swift in Sources */ = {isa = PBXBuildFile; fileRef = C49B4A4921D90E1200D091DD /* MemeEditorViewController.swift */; };
		C49B4A4D21D90E1200D091DD /* Main.storyboard in Resources */ = {isa = PBXBuildFile; fileRef = C49B4A4B21D90E1200D091DD /* Main.storyboard */; };
		C49B4A4F21D90E1200D091DD /* Assets.xcassets in Resources */ = {isa = PBXBuildFile; fileRef = C49B4A4E21D90E1200D091DD /* Assets.xcassets */; };
		C49B4A5221D90E1200D091DD /* LaunchScreen.storyboard in Resources */ = {isa = PBXBuildFile; fileRef = C49B4A5021D90E1200D091DD /* LaunchScreen.storyboard */; };
		C4B4865221E5147C00D4E1D4 /* Meme.swift in Sources */ = {isa = PBXBuildFile; fileRef = C4B4865121E5147C00D4E1D4 /* Meme.swift */; };
		C4B915C82201B03F00BA6E5F /* SavedMemes.swift in Sources */ = {isa = PBXBuildFile; fileRef = C4B915C72201B03F00BA6E5F /* SavedMemes.swift */; };
		C4BEEBBE21D9361D0008E23F /* TextFieldDelegate.swift in Sources */ = {isa = PBXBuildFile; fileRef = C4BEEBBD21D9361D0008E23F /* TextFieldDelegate.swift */; };
/* End PBXBuildFile section */

/* Begin PBXFileReference section */
		C451B51A21F47BB2007B2230 /* SentMemesTableViewController.swift */ = {isa = PBXFileReference; lastKnownFileType = sourcecode.swift; path = SentMemesTableViewController.swift; sourceTree = "<group>"; };
		C451B51C21F47BDE007B2230 /* SentMemesCollectionViewController.swift */ = {isa = PBXFileReference; lastKnownFileType = sourcecode.swift; path = SentMemesCollectionViewController.swift; sourceTree = "<group>"; };
		C452CCE922004A6F00B84198 /* MemeCollectionViewCell.swift */ = {isa = PBXFileReference; lastKnownFileType = sourcecode.swift; path = MemeCollectionViewCell.swift; sourceTree = "<group>"; };
		C452CCEB22005CAB00B84198 /* MemeTableViewCell.swift */ = {isa = PBXFileReference; lastKnownFileType = sourcecode.swift; path = MemeTableViewCell.swift; sourceTree = "<group>"; };
		C454A0022200AD3C00A276A8 /* MemeDetailViewController.swift */ = {isa = PBXFileReference; lastKnownFileType = sourcecode.swift; path = MemeDetailViewController.swift; sourceTree = "<group>"; };
		C49B4A4421D90E1200D091DD /* MemeMe.app */ = {isa = PBXFileReference; explicitFileType = wrapper.application; includeInIndex = 0; path = MemeMe.app; sourceTree = BUILT_PRODUCTS_DIR; };
		C49B4A4721D90E1200D091DD /* AppDelegate.swift */ = {isa = PBXFileReference; lastKnownFileType = sourcecode.swift; path = AppDelegate.swift; sourceTree = "<group>"; };
		C49B4A4921D90E1200D091DD /* MemeEditorViewController.swift */ = {isa = PBXFileReference; lastKnownFileType = sourcecode.swift; path = MemeEditorViewController.swift; sourceTree = "<group>"; };
		C49B4A4C21D90E1200D091DD /* Base */ = {isa = PBXFileReference; lastKnownFileType = file.storyboard; name = Base; path = Base.lproj/Main.storyboard; sourceTree = "<group>"; };
		C49B4A4E21D90E1200D091DD /* Assets.xcassets */ = {isa = PBXFileReference; lastKnownFileType = folder.assetcatalog; path = Assets.xcassets; sourceTree = "<group>"; };
		C49B4A5121D90E1200D091DD /* Base */ = {isa = PBXFileReference; lastKnownFileType = file.storyboard; name = Base; path = Base.lproj/LaunchScreen.storyboard; sourceTree = "<group>"; };
		C49B4A5321D90E1200D091DD /* Info.plist */ = {isa = PBXFileReference; lastKnownFileType = text.plist.xml; path = Info.plist; sourceTree = "<group>"; };
		C4B4865121E5147C00D4E1D4 /* Meme.swift */ = {isa = PBXFileReference; lastKnownFileType = sourcecode.swift; path = Meme.swift; sourceTree = "<group>"; };
		C4B915C72201B03F00BA6E5F /* SavedMemes.swift */ = {isa = PBXFileReference; lastKnownFileType = sourcecode.swift; path = SavedMemes.swift; sourceTree = "<group>"; };
		C4BEEBBD21D9361D0008E23F /* TextFieldDelegate.swift */ = {isa = PBXFileReference; lastKnownFileType = sourcecode.swift; path = TextFieldDelegate.swift; sourceTree = "<group>"; };
/* End PBXFileReference section */

/* Begin PBXFrameworksBuildPhase section */
		C49B4A4121D90E1200D091DD /* Frameworks */ = {
			isa = PBXFrameworksBuildPhase;
			buildActionMask = 2147483647;
			files = (
			);
			runOnlyForDeploymentPostprocessing = 0;
		};
/* End PBXFrameworksBuildPhase section */

/* Begin PBXGroup section */
		C49B4A3B21D90E1200D091DD = {
			isa = PBXGroup;
			children = (
				C49B4A4621D90E1200D091DD /* MemeMe */,
			);
			sourceTree = "<group>";
		};
		C49B4A4521D90E1200D091DD /* Products */ = {
			isa = PBXGroup;
			children = (
				C49B4A4421D90E1200D091DD /* MemeMe.app */,
			);
			name = Products;
			path = ..;
			sourceTree = "<group>";
		};
		C49B4A4621D90E1200D091DD /* MemeMe */ = {
			isa = PBXGroup;
			children = (
				C4B915C62201B00200BA6E5F /* Model */,
				C4B915C52201AFA300BA6E5F /* View */,
				C4B915C42201AF7100BA6E5F /* Controller */,
				C49B4A4721D90E1200D091DD /* AppDelegate.swift */,
				C4BEEBBD21D9361D0008E23F /* TextFieldDelegate.swift */,
				C49B4A4521D90E1200D091DD /* Products */,
				C49B4A4B21D90E1200D091DD /* Main.storyboard */,
				C49B4A4E21D90E1200D091DD /* Assets.xcassets */,
				C49B4A5021D90E1200D091DD /* LaunchScreen.storyboard */,
				C49B4A5321D90E1200D091DD /* Info.plist */,
			);
			path = MemeMe;
			sourceTree = "<group>";
		};
		C4B915C42201AF7100BA6E5F /* Controller */ = {
			isa = PBXGroup;
			children = (
				C451B51A21F47BB2007B2230 /* SentMemesTableViewController.swift */,
				C451B51C21F47BDE007B2230 /* SentMemesCollectionViewController.swift */,
				C49B4A4921D90E1200D091DD /* MemeEditorViewController.swift */,
				C454A0022200AD3C00A276A8 /* MemeDetailViewController.swift */,
			);
			path = Controller;
			sourceTree = "<group>";
		};
		C4B915C52201AFA300BA6E5F /* View */ = {
			isa = PBXGroup;
			children = (
				C452CCE922004A6F00B84198 /* MemeCollectionViewCell.swift */,
				C452CCEB22005CAB00B84198 /* MemeTableViewCell.swift */,
			);
			path = View;
			sourceTree = "<group>";
		};
		C4B915C62201B00200BA6E5F /* Model */ = {
			isa = PBXGroup;
			children = (
				C4B4865121E5147C00D4E1D4 /* Meme.swift */,
				C4B915C72201B03F00BA6E5F /* SavedMemes.swift */,
			);
			path = Model;
			sourceTree = "<group>";
		};
/* End PBXGroup section */

/* Begin PBXNativeTarget section */
		C49B4A4321D90E1200D091DD /* MemeMe */ = {
			isa = PBXNativeTarget;
			buildConfigurationList = C49B4A5621D90E1200D091DD /* Build configuration list for PBXNativeTarget "MemeMe" */;
			buildPhases = (
				C49B4A4021D90E1200D091DD /* Sources */,
				C49B4A4121D90E1200D091DD /* Frameworks */,
				C49B4A4221D90E1200D091DD /* Resources */,
			);
			buildRules = (
			);
			dependencies = (
			);
			name = MemeMe;
			productName = MemeMe;
			productReference = C49B4A4421D90E1200D091DD /* MemeMe.app */;
			productType = "com.apple.product-type.application";
		};
/* End PBXNativeTarget section */

/* Begin PBXProject section */
		C49B4A3C21D90E1200D091DD /* Project object */ = {
			isa = PBXProject;
			attributes = {
				LastSwiftUpdateCheck = 0920;
				LastUpgradeCheck = 0920;
				ORGANIZATIONNAME = AhmedHazzaa;
				TargetAttributes = {
					C49B4A4321D90E1200D091DD = {
						CreatedOnToolsVersion = 9.2;
						ProvisioningStyle = Automatic;
					};
				};
			};
			buildConfigurationList = C49B4A3F21D90E1200D091DD /* Build configuration list for PBXProject "MemeMe" */;
			compatibilityVersion = "Xcode 8.0";
			developmentRegion = en;
			hasScannedForEncodings = 0;
			knownRegions = (
				en,
				Base,
			);
			mainGroup = C49B4A3B21D90E1200D091DD;
			productRefGroup = C49B4A4521D90E1200D091DD /* Products */;
			projectDirPath = "";
			projectRoot = "";
			targets = (
				C49B4A4321D90E1200D091DD /* MemeMe */,
			);
		};
/* End PBXProject section */

/* Begin PBXResourcesBuildPhase section */
		C49B4A4221D90E1200D091DD /* Resources */ = {
			isa = PBXResourcesBuildPhase;
			buildActionMask = 2147483647;
			files = (
				C49B4A5221D90E1200D091DD /* LaunchScreen.storyboard in Resources */,
				C49B4A4F21D90E1200D091DD /* Assets.xcassets in Resources */,
				C49B4A4D21D90E1200D091DD /* Main.storyboard in Resources */,
			);
			runOnlyForDeploymentPostprocessing = 0;
		};
/* End PBXResourcesBuildPhase section */

/* Begin PBXSourcesBuildPhase section */
		C49B4A4021D90E1200D091DD /* Sources */ = {
			isa = PBXSourcesBuildPhase;
			buildActionMask = 2147483647;
			files = (
				C454A0032200AD3C00A276A8 /* MemeDetailViewController.swift in Sources */,
				C49B4A4A21D90E1200D091DD /* MemeEditorViewController.swift in Sources */,
				C452CCEC22005CAB00B84198 /* MemeTableViewCell.swift in Sources */,
				C4B4865221E5147C00D4E1D4 /* Meme.swift in Sources */,
				C451B51D21F47BDE007B2230 /* SentMemesCollectionViewController.swift in Sources */,
				C4B915C82201B03F00BA6E5F /* SavedMemes.swift in Sources */,
				C49B4A4821D90E1200D091DD /* AppDelegate.swift in Sources */,
				C452CCEA22004A6F00B84198 /* MemeCollectionViewCell.swift in Sources */,
				C451B51B21F47BB2007B2230 /* SentMemesTableViewController.swift in Sources */,
				C4BEEBBE21D9361D0008E23F /* TextFieldDelegate.swift in Sources */,
			);
			runOnlyForDeploymentPostprocessing = 0;
		};
/* End PBXSourcesBuildPhase section */

/* Begin PBXVariantGroup section */
		C49B4A4B21D90E1200D091DD /* Main.storyboard */ = {
			isa = PBXVariantGroup;
			children = (
				C49B4A4C21D90E1200D091DD /* Base */,
			);
			name = Main.storyboard;
			sourceTree = "<group>";
		};
		C49B4A5021D90E1200D091DD /* LaunchScreen.storyboard */ = {
			isa = PBXVariantGroup;
			children = (
				C49B4A5121D90E1200D091DD /* Base */,
			);
			name = LaunchScreen.storyboard;
			sourceTree = "<group>";
		};
/* End PBXVariantGroup section */

/* Begin XCBuildConfiguration section */
		C49B4A5421D90E1200D091DD /* Debug */ = {
			isa = XCBuildConfiguration;
			buildSettings = {
				ALWAYS_SEARCH_USER_PATHS = NO;
				CLANG_ANALYZER_NONNULL = YES;
				CLANG_ANALYZER_NUMBER_OBJECT_CONVERSION = YES_AGGRESSIVE;
				CLANG_CXX_LANGUAGE_STANDARD = "gnu++14";
				CLANG_CXX_LIBRARY = "libc++";
				CLANG_ENABLE_MODULES = YES;
				CLANG_ENABLE_OBJC_ARC = YES;
				CLANG_WARN_BLOCK_CAPTURE_AUTORELEASING = YES;
				CLANG_WARN_BOOL_CONVERSION = YES;
				CLANG_WARN_COMMA = YES;
				CLANG_WARN_CONSTANT_CONVERSION = YES;
				CLANG_WARN_DIRECT_OBJC_ISA_USAGE = YES_ERROR;
				CLANG_WARN_DOCUMENTATION_COMMENTS = YES;
				CLANG_WARN_EMPTY_BODY = YES;
				CLANG_WARN_ENUM_CONVERSION = YES;
				CLANG_WARN_INFINITE_RECURSION = YES;
				CLANG_WARN_INT_CONVERSION = YES;
				CLANG_WARN_NON_LITERAL_NULL_CONVERSION = YES;
				CLANG_WARN_OBJC_LITERAL_CONVERSION = YES;
				CLANG_WARN_OBJC_ROOT_CLASS = YES_ERROR;
				CLANG_WARN_RANGE_LOOP_ANALYSIS = YES;
				CLANG_WARN_STRICT_PROTOTYPES = YES;
				CLANG_WARN_SUSPICIOUS_MOVE = YES;
				CLANG_WARN_UNGUARDED_AVAILABILITY = YES_AGGRESSIVE;
				CLANG_WARN_UNREACHABLE_CODE = YES;
				CLANG_WARN__DUPLICATE_METHOD_MATCH = YES;
				CODE_SIGN_IDENTITY = "iPhone Developer";
				COPY_PHASE_STRIP = NO;
				DEBUG_INFORMATION_FORMAT = dwarf;
				ENABLE_STRICT_OBJC_MSGSEND = YES;
				ENABLE_TESTABILITY = YES;
				GCC_C_LANGUAGE_STANDARD = gnu11;
				GCC_DYNAMIC_NO_PIC = NO;
				GCC_NO_COMMON_BLOCKS = YES;
				GCC_OPTIMIZATION_LEVEL = 0;
				GCC_PREPROCESSOR_DEFINITIONS = (
					"DEBUG=1",
					"$(inherited)",
				);
				GCC_WARN_64_TO_32_BIT_CONVERSION = YES;
				GCC_WARN_ABOUT_RETURN_TYPE = YES_ERROR;
				GCC_WARN_UNDECLARED_SELECTOR = YES;
				GCC_WARN_UNINITIALIZED_AUTOS = YES_AGGRESSIVE;
				GCC_WARN_UNUSED_FUNCTION = YES;
				GCC_WARN_UNUSED_VARIABLE = YES;
				IPHONEOS_DEPLOYMENT_TARGET = 11.2;
				MTL_ENABLE_DEBUG_INFO = YES;
				ONLY_ACTIVE_ARCH = YES;
				SDKROOT = iphoneos;
				SWIFT_ACTIVE_COMPILATION_CONDITIONS = DEBUG;
				SWIFT_OPTIMIZATION_LEVEL = "-Onone";
			};
			name = Debug;
		};
		C49B4A5521D90E1200D091DD /* Release */ = {
			isa = XCBuildConfiguration;
			buildSettings = {
				ALWAYS_SEARCH_USER_PATHS = NO;
				CLANG_ANALYZER_NONNULL = YES;
				CLANG_ANALYZER_NUMBER_OBJECT_CONVERSION = YES_AGGRESSIVE;
				CLANG_CXX_LANGUAGE_STANDARD = "gnu++14";
				CLANG_CXX_LIBRARY = "libc++";
				CLANG_ENABLE_MODULES = YES;
				CLANG_ENABLE_OBJC_ARC = YES;
				CLANG_WARN_BLOCK_CAPTURE_AUTORELEASING = YES;
				CLANG_WARN_BOOL_CONVERSION = YES;
				CLANG_WARN_COMMA = YES;
				CLANG_WARN_CONSTANT_CONVERSION = YES;
				CLANG_WARN_DIRECT_OBJC_ISA_USAGE = YES_ERROR;
				CLANG_WARN_DOCUMENTATION_COMMENTS = YES;
				CLANG_WARN_EMPTY_BODY = YES;
				CLANG_WARN_ENUM_CONVERSION = YES;
				CLANG_WARN_INFINITE_RECURSION = YES;
				CLANG_WARN_INT_CONVERSION = YES;
				CLANG_WARN_NON_LITERAL_NULL_CONVERSION = YES;
				CLANG_WARN_OBJC_LITERAL_CONVERSION = YES;
				CLANG_WARN_OBJC_ROOT_CLASS = YES_ERROR;
				CLANG_WARN_RANGE_LOOP_ANALYSIS = YES;
				CLANG_WARN_STRICT_PROTOTYPES = YES;
				CLANG_WARN_SUSPICIOUS_MOVE = YES;
				CLANG_WARN_UNGUARDED_AVAILABILITY = YES_AGGRESSIVE;
				CLANG_WARN_UNREACHABLE_CODE = YES;
				CLANG_WARN__DUPLICATE_METHOD_MATCH = YES;
				CODE_SIGN_IDENTITY = "iPhone Developer";
				COPY_PHASE_STRIP = NO;
				DEBUG_INFORMATION_FORMAT = "dwarf-with-dsym";
				ENABLE_NS_ASSERTIONS = NO;
				ENABLE_STRICT_OBJC_MSGSEND = YES;
				GCC_C_LANGUAGE_STANDARD = gnu11;
				GCC_NO_COMMON_BLOCKS = YES;
				GCC_WARN_64_TO_32_BIT_CONVERSION = YES;
				GCC_WARN_ABOUT_RETURN_TYPE = YES_ERROR;
				GCC_WARN_UNDECLARED_SELECTOR = YES;
				GCC_WARN_UNINITIALIZED_AUTOS = YES_AGGRESSIVE;
				GCC_WARN_UNUSED_FUNCTION = YES;
				GCC_WARN_UNUSED_VARIABLE = YES;
				IPHONEOS_DEPLOYMENT_TARGET = 11.2;
				MTL_ENABLE_DEBUG_INFO = NO;
				SDKROOT = iphoneos;
				SWIFT_OPTIMIZATION_LEVEL = "-Owholemodule";
				VALIDATE_PRODUCT = YES;
			};
			name = Release;
		};
		C49B4A5721D90E1200D091DD /* Debug */ = {
			isa = XCBuildConfiguration;
			buildSettings = {
				ASSETCATALOG_COMPILER_APPICON_NAME = AppIcon;
				CODE_SIGN_STYLE = Automatic;
				DEVELOPMENT_TEAM = 56RVVCYNS3;
				INFOPLIST_FILE = MemeMe/Info.plist;
				LD_RUNPATH_SEARCH_PATHS = "$(inherited) @executable_path/Frameworks";
				PRODUCT_BUNDLE_IDENTIFIER = com.ahmedhazzaa.MemeMe;
				PRODUCT_NAME = "$(TARGET_NAME)";
				SWIFT_VERSION = 4.0;
				TARGETED_DEVICE_FAMILY = "1,2";
			};
			name = Debug;
		};
		C49B4A5821D90E1200D091DD /* Release */ = {
			isa = XCBuildConfiguration;
			buildSettings = {
				ASSETCATALOG_COMPILER_APPICON_NAME = AppIcon;
				CODE_SIGN_STYLE = Automatic;
				DEVELOPMENT_TEAM = 56RVVCYNS3;
				INFOPLIST_FILE = MemeMe/Info.plist;
				LD_RUNPATH_SEARCH_PATHS = "$(inherited) @executable_path/Frameworks";
				PRODUCT_BUNDLE_IDENTIFIER = com.ahmedhazzaa.MemeMe;
				PRODUCT_NAME = "$(TARGET_NAME)";
				SWIFT_VERSION = 4.0;
				TARGETED_DEVICE_FAMILY = "1,2";
			};
			name = Release;
		};
/* End XCBuildConfiguration section */

/* Begin XCConfigurationList section */
		C49B4A3F21D90E1200D091DD /* Build configuration list for PBXProject "MemeMe" */ = {
			isa = XCConfigurationList;
			buildConfigurations = (
				C49B4A5421D90E1200D091DD /* Debug */,
				C49B4A5521D90E1200D091DD /* Release */,
			);
			defaultConfigurationIsVisible = 0;
			defaultConfigurationName = Release;
		};
		C49B4A5621D90E1200D091DD /* Build configuration list for PBXNativeTarget "MemeMe" */ = {
			isa = XCConfigurationList;
			buildConfigurations = (
				C49B4A5721D90E1200D091DD /* Debug */,
				C49B4A5821D90E1200D091DD /* Release */,
			);
			defaultConfigurationIsVisible = 0;
			defaultConfigurationName = Release;
		};
/* End XCConfigurationList section */
	};
	rootObject = C49B4A3C21D90E1200D091DD /* Project object */;
}
